
Microsoft Visual Studio Solution File, Format Version 12.00
# Visual Studio 15
Project("{FAE04EC0-301F-11D3-BF4B-00C04F79EFBC}") = "Assembly-CSharp", "Assembly-CSharp.csproj", "{471E7781-9653-AA8D-F347-A983921A9F34}"
EndProject
Project("{FAE04EC0-301F-11D3-BF4B-00C04F79EFBC}") = "AimingRig", "AimingRig.csproj", "{5B346645-F199-5688-5BB4-E987B9AB0CE2}"
EndProject
Global
	GlobalSection(SolutionConfigurationPlatforms) = preSolution
		Debug|Any CPU = Debug|Any CPU
		Release|Any CPU = Release|Any CPU
	EndGlobalSection
	GlobalSection(ProjectConfigurationPlatforms) = postSolution
		{471E7781-9653-AA8D-F347-A983921A9F34}.Debug|Any CPU.ActiveCfg = Debug|Any CPU
		{471E7781-9653-AA8D-F347-A983921A9F34}.Debug|Any CPU.Build.0 = Debug|Any CPU
		{471E7781-9653-AA8D-F347-A983921A9F34}.Release|Any CPU.ActiveCfg = Release|Any CPU
		{471E7781-9653-AA8D-F347-A983921A9F34}.Release|Any CPU.Build.0 = Release|Any CPU
		{5B346645-F199-5688-5BB4-E987B9AB0CE2}.Debug|Any CPU.ActiveCfg = Debug|Any CPU
		{5B346645-F199-5688-5BB4-E987B9AB0CE2}.Debug|Any CPU.Build.0 = Debug|Any CPU
		{5B346645-F199-5688-5BB4-E987B9AB0CE2}.Release|Any CPU.ActiveCfg = Release|Any CPU
		{5B346645-F199-5688-5BB4-E987B9AB0CE2}.Release|Any CPU.Build.0 = Release|Any CPU
	EndGlobalSection
	GlobalSection(SolutionProperties) = preSolution
		HideSolutionNode = FALSE
	EndGlobalSection
EndGlobal
